
Microsoft Visual Studio Solution File, Format Version 12.00
# Visual Studio Version 16
VisualStudioVersion = 16.0.29609.76
MinimumVisualStudioVersion = 10.0.40219.1
Project("{9A19103F-16F7-4668-BE54-9A1E7A4F7556}") = "MNG.API", "MNG.API\MNG.API.csproj", "{FF9FC49D-285A-496C-B0C0-0835302F6FBC}"
EndProject
Project("{9A19103F-16F7-4668-BE54-9A1E7A4F7556}") = "MNG.Domain", "MNG.Domain\MNG.Domain.csproj", "{C58B587B-9D0A-49CA-B2FF-E54314BBE0B3}"
EndProject
Project("{9A19103F-16F7-4668-BE54-9A1E7A4F7556}") = "MNG.Infrastructure", "MNG.Infrastructure\MNG.Infrastructure.csproj", "{C5A01542-C271-4348-9073-015E63075850}"
EndProject
Project("{2150E333-8FDC-42A3-9474-1A3956D46DE8}") = "MNG.Test", "MNG.Test", "{72BE1BF6-1E33-4176-98DF-3A65DE338B03}"
EndProject
Project("{2150E333-8FDC-42A3-9474-1A3956D46DE8}") = "MNG.Test.Unit", "MNG.Test.Unit", "{B5C7D20C-76C0-451F-8793-7271EC4E4FD2}"
EndProject
Project("{2150E333-8FDC-42A3-9474-1A3956D46DE8}") = "MNG.Test.Integration", "MNG.Test.Integration", "{4E3E2514-CC87-44F4-86E1-E848F21507E7}"
EndProject
Project("{9A19103F-16F7-4668-BE54-9A1E7A4F7556}") = "MNG.Infrastructure.UnitTest", "MNG.Test\MNG.Test.Unit\MNG.Infrastructure.Test\MNG.Infrastructure.UnitTest.csproj", "{D3E824B0-A44A-4AA8-BC96-00D396B2A6E9}"
EndProject
Project("{9A19103F-16F7-4668-BE54-9A1E7A4F7556}") = "MNG.Infrastructure.IntegrationTest", "MNG.Test\MNG.Test.Integration\MNG.Infrastructure.Integration.Test\MNG.Infrastructure.IntegrationTest.csproj", "{D52D6C0F-AA1B-4C2A-8FE6-770676D04E4C}"
EndProject
Project("{9A19103F-16F7-4668-BE54-9A1E7A4F7556}") = "MNG.Application", "MNG.Application\MNG.Application.csproj", "{0B3F50FC-48FD-4092-B3B9-386E4BD2D676}"
EndProject
Project("{FAE04EC0-301F-11D3-BF4B-00C04F79EFBC}") = "MNG.Application.UnitTest", "MNG.Application.UnitTest\MNG.Application.UnitTest.csproj", "{96986418-1A08-4999-B5CE-68C653C03BED}"
EndProject
Global
	GlobalSection(SolutionConfigurationPlatforms) = preSolution
		Debug|Any CPU = Debug|Any CPU
		Release|Any CPU = Release|Any CPU
	EndGlobalSection
	GlobalSection(ProjectConfigurationPlatforms) = postSolution
		{FF9FC49D-285A-496C-B0C0-0835302F6FBC}.Debug|Any CPU.ActiveCfg = Debug|Any CPU
		{FF9FC49D-285A-496C-B0C0-0835302F6FBC}.Debug|Any CPU.Build.0 = Debug|Any CPU
		{FF9FC49D-285A-496C-B0C0-0835302F6FBC}.Release|Any CPU.ActiveCfg = Release|Any CPU
		{FF9FC49D-285A-496C-B0C0-0835302F6FBC}.Release|Any CPU.Build.0 = Release|Any CPU
		{C58B587B-9D0A-49CA-B2FF-E54314BBE0B3}.Debug|Any CPU.ActiveCfg = Debug|Any CPU
		{C58B587B-9D0A-49CA-B2FF-E54314BBE0B3}.Debug|Any CPU.Build.0 = Debug|Any CPU
		{C58B587B-9D0A-49CA-B2FF-E54314BBE0B3}.Release|Any CPU.ActiveCfg = Release|Any CPU
		{C58B587B-9D0A-49CA-B2FF-E54314BBE0B3}.Release|Any CPU.Build.0 = Release|Any CPU
		{C5A01542-C271-4348-9073-015E63075850}.Debug|Any CPU.ActiveCfg = Debug|Any CPU
		{C5A01542-C271-4348-9073-015E63075850}.Debug|Any CPU.Build.0 = Debug|Any CPU
		{C5A01542-C271-4348-9073-015E63075850}.Release|Any CPU.ActiveCfg = Release|Any CPU
		{C5A01542-C271-4348-9073-015E63075850}.Release|Any CPU.Build.0 = Release|Any CPU
		{D3E824B0-A44A-4AA8-BC96-00D396B2A6E9}.Debug|Any CPU.ActiveCfg = Debug|Any CPU
		{D3E824B0-A44A-4AA8-BC96-00D396B2A6E9}.Debug|Any CPU.Build.0 = Debug|Any CPU
		{D3E824B0-A44A-4AA8-BC96-00D396B2A6E9}.Release|Any CPU.ActiveCfg = Release|Any CPU
		{D3E824B0-A44A-4AA8-BC96-00D396B2A6E9}.Release|Any CPU.Build.0 = Release|Any CPU
		{D52D6C0F-AA1B-4C2A-8FE6-770676D04E4C}.Debug|Any CPU.ActiveCfg = Debug|Any CPU
		{D52D6C0F-AA1B-4C2A-8FE6-770676D04E4C}.Debug|Any CPU.Build.0 = Debug|Any CPU
		{D52D6C0F-AA1B-4C2A-8FE6-770676D04E4C}.Release|Any CPU.ActiveCfg = Release|Any CPU
		{D52D6C0F-AA1B-4C2A-8FE6-770676D04E4C}.Release|Any CPU.Build.0 = Release|Any CPU
		{0B3F50FC-48FD-4092-B3B9-386E4BD2D676}.Debug|Any CPU.ActiveCfg = Debug|Any CPU
		{0B3F50FC-48FD-4092-B3B9-386E4BD2D676}.Debug|Any CPU.Build.0 = Debug|Any CPU
		{0B3F50FC-48FD-4092-B3B9-386E4BD2D676}.Release|Any CPU.ActiveCfg = Release|Any CPU
		{0B3F50FC-48FD-4092-B3B9-386E4BD2D676}.Release|Any CPU.Build.0 = Release|Any CPU
		{96986418-1A08-4999-B5CE-68C653C03BED}.Debug|Any CPU.ActiveCfg = Debug|Any CPU
		{96986418-1A08-4999-B5CE-68C653C03BED}.Debug|Any CPU.Build.0 = Debug|Any CPU
		{96986418-1A08-4999-B5CE-68C653C03BED}.Release|Any CPU.ActiveCfg = Release|Any CPU
		{96986418-1A08-4999-B5CE-68C653C03BED}.Release|Any CPU.Build.0 = Release|Any CPU
	EndGlobalSection
	GlobalSection(SolutionProperties) = preSolution
		HideSolutionNode = FALSE
	EndGlobalSection
	GlobalSection(NestedProjects) = preSolution
		{B5C7D20C-76C0-451F-8793-7271EC4E4FD2} = {72BE1BF6-1E33-4176-98DF-3A65DE338B03}
		{4E3E2514-CC87-44F4-86E1-E848F21507E7} = {72BE1BF6-1E33-4176-98DF-3A65DE338B03}
		{D3E824B0-A44A-4AA8-BC96-00D396B2A6E9} = {B5C7D20C-76C0-451F-8793-7271EC4E4FD2}
		{D52D6C0F-AA1B-4C2A-8FE6-770676D04E4C} = {4E3E2514-CC87-44F4-86E1-E848F21507E7}
		{96986418-1A08-4999-B5CE-68C653C03BED} = {B5C7D20C-76C0-451F-8793-7271EC4E4FD2}
	EndGlobalSection
	GlobalSection(ExtensibilityGlobals) = postSolution
		SolutionGuid = {CA9200FC-5702-44E0-ABB0-FEB92A7116E3}
	EndGlobalSection
EndGlobal
